
Microsoft Visual Studio Solution File, Format Version 12.00
# Visual Studio Version 17
VisualStudioVersion = 17.7.34009.444
MinimumVisualStudioVersion = 10.0.40219.1
Project("{FAE04EC0-301F-11D3-BF4B-00C04F79EFBC}") = "Filetasks", "Filetasks.csproj", "{49184790-9A05-401B-955D-D4D9E25C7BF9}"
EndProject
Global
	GlobalSection(SolutionConfigurationPlatforms) = preSolution
		Debug|Any CPU = Debug|Any CPU
		Release|Any CPU = Release|Any CPU
	EndGlobalSection
	GlobalSection(ProjectConfigurationPlatforms) = postSolution
		{49184790-9A05-401B-955D-D4D9E25C7BF9}.Debug|Any CPU.ActiveCfg = Debug|Any CPU
		{49184790-9A05-401B-955D-D4D9E25C7BF9}.Debug|Any CPU.Build.0 = Debug|Any CPU
		{49184790-9A05-401B-955D-D4D9E25C7BF9}.Release|Any CPU.ActiveCfg = Release|Any CPU
		{49184790-9A05-401B-955D-D4D9E25C7BF9}.Release|Any CPU.Build.0 = Release|Any CPU
	EndGlobalSection
	GlobalSection(SolutionProperties) = preSolution
		HideSolutionNode = FALSE
	EndGlobalSection
	GlobalSection(ExtensibilityGlobals) = postSolution
		SolutionGuid = {D5969A1C-8969-452B-A510-25310D1E011A}
	EndGlobalSection
EndGlobal
