
Microsoft Visual Studio Solution File, Format Version 12.00
# Visual Studio Version 17
VisualStudioVersion = 17.6.33829.357
MinimumVisualStudioVersion = 10.0.40219.1
Project("{FAE04EC0-301F-11D3-BF4B-00C04F79EFBC}") = "Classes", "Classes.csproj", "{1D4A0B89-A9E3-4991-A8AE-BE8618B650B6}"
EndProject
Global
	GlobalSection(SolutionConfigurationPlatforms) = preSolution
		Debug|Any CPU = Debug|Any CPU
		Release|Any CPU = Release|Any CPU
	EndGlobalSection
	GlobalSection(ProjectConfigurationPlatforms) = postSolution
		{1D4A0B89-A9E3-4991-A8AE-BE8618B650B6}.Debug|Any CPU.ActiveCfg = Debug|Any CPU
		{1D4A0B89-A9E3-4991-A8AE-BE8618B650B6}.Debug|Any CPU.Build.0 = Debug|Any CPU
		{1D4A0B89-A9E3-4991-A8AE-BE8618B650B6}.Release|Any CPU.ActiveCfg = Release|Any CPU
		{1D4A0B89-A9E3-4991-A8AE-BE8618B650B6}.Release|Any CPU.Build.0 = Release|Any CPU
	EndGlobalSection
	GlobalSection(SolutionProperties) = preSolution
		HideSolutionNode = FALSE
	EndGlobalSection
	GlobalSection(ExtensibilityGlobals) = postSolution
		SolutionGuid = {55F34884-204E-47BC-862F-9C9239D9CDAB}
	EndGlobalSection
EndGlobal
